// !$*UTF8*$!
{
	archiveVersion = 1;
	classes = {
	};
	objectVersion = 48;
	objects = {

/* Begin PBXBuildFile section */
		332D141A20484D9F00091F17 /* AppDelegate.swift in Sources */ = {isa = PBXBuildFile; fileRef = 332D141920484D9F00091F17 /* AppDelegate.swift */; };
		332D141C20484D9F00091F17 /* ViewController.swift in Sources */ = {isa = PBXBuildFile; fileRef = 332D141B20484D9F00091F17 /* ViewController.swift */; };
		332D141F20484D9F00091F17 /* Main.storyboard in Resources */ = {isa = PBXBuildFile; fileRef = 332D141D20484D9F00091F17 /* Main.storyboard */; };
		332D142120484D9F00091F17 /* Assets.xcassets in Resources */ = {isa = PBXBuildFile; fileRef = 332D142020484D9F00091F17 /* Assets.xcassets */; };
		332D142420484D9F00091F17 /* LaunchScreen.storyboard in Resources */ = {isa = PBXBuildFile; fileRef = 332D142220484D9F00091F17 /* LaunchScreen.storyboard */; };
		332D143220484DC100091F17 /* DataSource.swift in Sources */ = {isa = PBXBuildFile; fileRef = 332D142B20484DC000091F17 /* DataSource.swift */; };
		332D143320484DC100091F17 /* ComposedDataSource.swift in Sources */ = {isa = PBXBuildFile; fileRef = 332D142C20484DC000091F17 /* ComposedDataSource.swift */; };
		332D143420484DC100091F17 /* CoreDataDatasource.swift in Sources */ = {isa = PBXBuildFile; fileRef = 332D142D20484DC000091F17 /* CoreDataDatasource.swift */; };
		332D143520484DC100091F17 /* BridgedCollectionViewDataSource.swift in Sources */ = {isa = PBXBuildFile; fileRef = 332D142E20484DC000091F17 /* BridgedCollectionViewDataSource.swift */; };
		332D143720484DC100091F17 /* ComposedDataSourceMapping.swift in Sources */ = {isa = PBXBuildFile; fileRef = 332D143020484DC000091F17 /* ComposedDataSourceMapping.swift */; };
		332D143820484DC100091F17 /* CollectionViewDataSource.swift in Sources */ = {isa = PBXBuildFile; fileRef = 332D143120484DC100091F17 /* CollectionViewDataSource.swift */; };
		332D143A20484E8700091F17 /* BasicDataSource.swift in Sources */ = {isa = PBXBuildFile; fileRef = 332D143920484E8700091F17 /* BasicDataSource.swift */; };
		332D143C20485DFE00091F17 /* MappedCollectionViewCellProvider.swift in Sources */ = {isa = PBXBuildFile; fileRef = 332D143B20485DFE00091F17 /* MappedCollectionViewCellProvider.swift */; };
		332D143E2048752E00091F17 /* LICENSE in Resources */ = {isa = PBXBuildFile; fileRef = 332D143D2048752E00091F17 /* LICENSE */; };
		332D1443204877B400091F17 /* MultiplexedDataSource.swift in Sources */ = {isa = PBXBuildFile; fileRef = 332D143F204877B200091F17 /* MultiplexedDataSource.swift */; };
		332D1444204877B400091F17 /* UICollectionView+DataSource.swift in Sources */ = {isa = PBXBuildFile; fileRef = 332D1440204877B300091F17 /* UICollectionView+DataSource.swift */; };
		332D1445204877B400091F17 /* LoadableDataSource.swift in Sources */ = {isa = PBXBuildFile; fileRef = 332D1441204877B300091F17 /* LoadableDataSource.swift */; };
		332D1446204877B400091F17 /* MultiplexedCollectionViewDatasource.swift in Sources */ = {isa = PBXBuildFile; fileRef = 332D1442204877B400091F17 /* MultiplexedCollectionViewDatasource.swift */; };
		332D1448204878B200091F17 /* DataSourceCell.swift in Sources */ = {isa = PBXBuildFile; fileRef = 332D1447204878B200091F17 /* DataSourceCell.swift */; };
/* End PBXBuildFile section */

/* Begin PBXFileReference section */
		332D141620484D9F00091F17 /* ComposableCollectionViews.app */ = {isa = PBXFileReference; explicitFileType = wrapper.application; includeInIndex = 0; path = ComposableCollectionViews.app; sourceTree = BUILT_PRODUCTS_DIR; };
		332D141920484D9F00091F17 /* AppDelegate.swift */ = {isa = PBXFileReference; lastKnownFileType = sourcecode.swift; path = AppDelegate.swift; sourceTree = "<group>"; };
		332D141B20484D9F00091F17 /* ViewController.swift */ = {isa = PBXFileReference; lastKnownFileType = sourcecode.swift; path = ViewController.swift; sourceTree = "<group>"; };
		332D141E20484D9F00091F17 /* Base */ = {isa = PBXFileReference; lastKnownFileType = file.storyboard; name = Base; path = Base.lproj/Main.storyboard; sourceTree = "<group>"; };
		332D142020484D9F00091F17 /* Assets.xcassets */ = {isa = PBXFileReference; lastKnownFileType = folder.assetcatalog; path = Assets.xcassets; sourceTree = "<group>"; };
		332D142320484D9F00091F17 /* Base */ = {isa = PBXFileReference; lastKnownFileType = file.storyboard; name = Base; path = Base.lproj/LaunchScreen.storyboard; sourceTree = "<group>"; };
		332D142520484D9F00091F17 /* Info.plist */ = {isa = PBXFileReference; lastKnownFileType = text.plist.xml; path = Info.plist; sourceTree = "<group>"; };
		332D142B20484DC000091F17 /* DataSource.swift */ = {isa = PBXFileReference; fileEncoding = 4; lastKnownFileType = sourcecode.swift; path = DataSource.swift; sourceTree = "<group>"; };
		332D142C20484DC000091F17 /* ComposedDataSource.swift */ = {isa = PBXFileReference; fileEncoding = 4; lastKnownFileType = sourcecode.swift; path = ComposedDataSource.swift; sourceTree = "<group>"; };
		332D142D20484DC000091F17 /* CoreDataDatasource.swift */ = {isa = PBXFileReference; fileEncoding = 4; lastKnownFileType = sourcecode.swift; path = CoreDataDatasource.swift; sourceTree = "<group>"; };
		332D142E20484DC000091F17 /* BridgedCollectionViewDataSource.swift */ = {isa = PBXFileReference; fileEncoding = 4; lastKnownFileType = sourcecode.swift; path = BridgedCollectionViewDataSource.swift; sourceTree = "<group>"; };
		332D143020484DC000091F17 /* ComposedDataSourceMapping.swift */ = {isa = PBXFileReference; fileEncoding = 4; lastKnownFileType = sourcecode.swift; path = ComposedDataSourceMapping.swift; sourceTree = "<group>"; };
		332D143120484DC100091F17 /* CollectionViewDataSource.swift */ = {isa = PBXFileReference; fileEncoding = 4; lastKnownFileType = sourcecode.swift; path = CollectionViewDataSource.swift; sourceTree = "<group>"; };
		332D143920484E8700091F17 /* BasicDataSource.swift */ = {isa = PBXFileReference; fileEncoding = 4; lastKnownFileType = sourcecode.swift; path = BasicDataSource.swift; sourceTree = "<group>"; };
		332D143B20485DFE00091F17 /* MappedCollectionViewCellProvider.swift */ = {isa = PBXFileReference; lastKnownFileType = sourcecode.swift; path = MappedCollectionViewCellProvider.swift; sourceTree = "<group>"; };
		332D143D2048752E00091F17 /* LICENSE */ = {isa = PBXFileReference; lastKnownFileType = text; path = LICENSE; sourceTree = "<group>"; };
		332D143F204877B200091F17 /* MultiplexedDataSource.swift */ = {isa = PBXFileReference; fileEncoding = 4; lastKnownFileType = sourcecode.swift; path = MultiplexedDataSource.swift; sourceTree = "<group>"; };
		332D1440204877B300091F17 /* UICollectionView+DataSource.swift */ = {isa = PBXFileReference; fileEncoding = 4; lastKnownFileType = sourcecode.swift; path = "UICollectionView+DataSource.swift"; sourceTree = "<group>"; };
		332D1441204877B300091F17 /* LoadableDataSource.swift */ = {isa = PBXFileReference; fileEncoding = 4; lastKnownFileType = sourcecode.swift; path = LoadableDataSource.swift; sourceTree = "<group>"; };
		332D1442204877B400091F17 /* MultiplexedCollectionViewDatasource.swift */ = {isa = PBXFileReference; fileEncoding = 4; lastKnownFileType = sourcecode.swift; path = MultiplexedCollectionViewDatasource.swift; sourceTree = "<group>"; };
		332D1447204878B200091F17 /* DataSourceCell.swift */ = {isa = PBXFileReference; lastKnownFileType = sourcecode.swift; path = DataSourceCell.swift; sourceTree = "<group>"; };
/* End PBXFileReference section */

/* Begin PBXFrameworksBuildPhase section */
		332D141320484D9F00091F17 /* Frameworks */ = {
			isa = PBXFrameworksBuildPhase;
			buildActionMask = 2147483647;
			files = (
			);
			runOnlyForDeploymentPostprocessing = 0;
		};
/* End PBXFrameworksBuildPhase section */

/* Begin PBXGroup section */
		332D140D20484D9F00091F17 = {
			isa = PBXGroup;
			children = (
				332D141820484D9F00091F17 /* ComposableCollectionViews */,
				332D141720484D9F00091F17 /* Products */,
			);
			sourceTree = "<group>";
		};
		332D141720484D9F00091F17 /* Products */ = {
			isa = PBXGroup;
			children = (
				332D141620484D9F00091F17 /* ComposableCollectionViews.app */,
			);
			name = Products;
			sourceTree = "<group>";
		};
		332D141820484D9F00091F17 /* ComposableCollectionViews */ = {
			isa = PBXGroup;
			children = (
				332D143920484E8700091F17 /* BasicDataSource.swift */,
				332D142E20484DC000091F17 /* BridgedCollectionViewDataSource.swift */,
				332D143120484DC100091F17 /* CollectionViewDataSource.swift */,
				332D142C20484DC000091F17 /* ComposedDataSource.swift */,
				332D143020484DC000091F17 /* ComposedDataSourceMapping.swift */,
				332D142D20484DC000091F17 /* CoreDataDatasource.swift */,
				332D142B20484DC000091F17 /* DataSource.swift */,
				332D143B20485DFE00091F17 /* MappedCollectionViewCellProvider.swift */,
				332D1441204877B300091F17 /* LoadableDataSource.swift */,
				332D1442204877B400091F17 /* MultiplexedCollectionViewDatasource.swift */,
				332D143F204877B200091F17 /* MultiplexedDataSource.swift */,
				332D1440204877B300091F17 /* UICollectionView+DataSource.swift */,
				332D141920484D9F00091F17 /* AppDelegate.swift */,
				332D141B20484D9F00091F17 /* ViewController.swift */,
				332D141D20484D9F00091F17 /* Main.storyboard */,
				332D142020484D9F00091F17 /* Assets.xcassets */,
				332D142220484D9F00091F17 /* LaunchScreen.storyboard */,
				332D142520484D9F00091F17 /* Info.plist */,
				332D143D2048752E00091F17 /* LICENSE */,
				332D1447204878B200091F17 /* DataSourceCell.swift */,
			);
			path = ComposableCollectionViews;
			sourceTree = "<group>";
		};
/* End PBXGroup section */

/* Begin PBXNativeTarget section */
		332D141520484D9F00091F17 /* ComposableCollectionViews */ = {
			isa = PBXNativeTarget;
			buildConfigurationList = 332D142820484D9F00091F17 /* Build configuration list for PBXNativeTarget "ComposableCollectionViews" */;
			buildPhases = (
				332D141220484D9F00091F17 /* Sources */,
				332D141320484D9F00091F17 /* Frameworks */,
				332D141420484D9F00091F17 /* Resources */,
			);
			buildRules = (
			);
			dependencies = (
			);
			name = ComposableCollectionViews;
			productName = ComposableCollectionViews;
			productReference = 332D141620484D9F00091F17 /* ComposableCollectionViews.app */;
			productType = "com.apple.product-type.application";
		};
/* End PBXNativeTarget section */

/* Begin PBXProject section */
		332D140E20484D9F00091F17 /* Project object */ = {
			isa = PBXProject;
			attributes = {
				LastSwiftUpdateCheck = 0920;
				LastUpgradeCheck = 0920;
				ORGANIZATIONNAME = "Fermented Code, LLC";
				TargetAttributes = {
					332D141520484D9F00091F17 = {
						CreatedOnToolsVersion = 9.2;
						ProvisioningStyle = Automatic;
					};
				};
			};
			buildConfigurationList = 332D141120484D9F00091F17 /* Build configuration list for PBXProject "ComposableCollectionViews" */;
			compatibilityVersion = "Xcode 8.0";
			developmentRegion = en;
			hasScannedForEncodings = 0;
			knownRegions = (
				en,
				Base,
			);
			mainGroup = 332D140D20484D9F00091F17;
			productRefGroup = 332D141720484D9F00091F17 /* Products */;
			projectDirPath = "";
			projectRoot = "";
			targets = (
				332D141520484D9F00091F17 /* ComposableCollectionViews */,
			);
		};
/* End PBXProject section */

/* Begin PBXResourcesBuildPhase section */
		332D141420484D9F00091F17 /* Resources */ = {
			isa = PBXResourcesBuildPhase;
			buildActionMask = 2147483647;
			files = (
				332D142420484D9F00091F17 /* LaunchScreen.storyboard in Resources */,
				332D142120484D9F00091F17 /* Assets.xcassets in Resources */,
				332D143E2048752E00091F17 /* LICENSE in Resources */,
				332D141F20484D9F00091F17 /* Main.storyboard in Resources */,
			);
			runOnlyForDeploymentPostprocessing = 0;
		};
/* End PBXResourcesBuildPhase section */

/* Begin PBXSourcesBuildPhase section */
		332D141220484D9F00091F17 /* Sources */ = {
			isa = PBXSourcesBuildPhase;
			buildActionMask = 2147483647;
			files = (
				332D143320484DC100091F17 /* ComposedDataSource.swift in Sources */,
				332D143220484DC100091F17 /* DataSource.swift in Sources */,
				332D1448204878B200091F17 /* DataSourceCell.swift in Sources */,
				332D143720484DC100091F17 /* ComposedDataSourceMapping.swift in Sources */,
				332D143820484DC100091F17 /* CollectionViewDataSource.swift in Sources */,
				332D143C20485DFE00091F17 /* MappedCollectionViewCellProvider.swift in Sources */,
				332D1444204877B400091F17 /* UICollectionView+DataSource.swift in Sources */,
				332D143420484DC100091F17 /* CoreDataDatasource.swift in Sources */,
				332D141C20484D9F00091F17 /* ViewController.swift in Sources */,
				332D1445204877B400091F17 /* LoadableDataSource.swift in Sources */,
				332D1446204877B400091F17 /* MultiplexedCollectionViewDatasource.swift in Sources */,
				332D143A20484E8700091F17 /* BasicDataSource.swift in Sources */,
				332D141A20484D9F00091F17 /* AppDelegate.swift in Sources */,
				332D143520484DC100091F17 /* BridgedCollectionViewDataSource.swift in Sources */,
				332D1443204877B400091F17 /* MultiplexedDataSource.swift in Sources */,
			);
			runOnlyForDeploymentPostprocessing = 0;
		};
/* End PBXSourcesBuildPhase section */

/* Begin PBXVariantGroup section */
		332D141D20484D9F00091F17 /* Main.storyboard */ = {
			isa = PBXVariantGroup;
			children = (
				332D141E20484D9F00091F17 /* Base */,
			);
			name = Main.storyboard;
			sourceTree = "<group>";
		};
		332D142220484D9F00091F17 /* LaunchScreen.storyboard */ = {
			isa = PBXVariantGroup;
			children = (
				332D142320484D9F00091F17 /* Base */,
			);
			name = LaunchScreen.storyboard;
			sourceTree = "<group>";
		};
/* End PBXVariantGroup section */

/* Begin XCBuildConfiguration section */
		332D142620484D9F00091F17 /* Debug */ = {
			isa = XCBuildConfiguration;
			buildSettings = {
				ALWAYS_SEARCH_USER_PATHS = NO;
				CLANG_ANALYZER_NONNULL = YES;
				CLANG_ANALYZER_NUMBER_OBJECT_CONVERSION = YES_AGGRESSIVE;
				CLANG_CXX_LANGUAGE_STANDARD = "gnu++14";
				CLANG_CXX_LIBRARY = "libc++";
				CLANG_ENABLE_MODULES = YES;
				CLANG_ENABLE_OBJC_ARC = YES;
				CLANG_WARN_BLOCK_CAPTURE_AUTORELEASING = YES;
				CLANG_WARN_BOOL_CONVERSION = YES;
				CLANG_WARN_COMMA = YES;
				CLANG_WARN_CONSTANT_CONVERSION = YES;
				CLANG_WARN_DIRECT_OBJC_ISA_USAGE = YES_ERROR;
				CLANG_WARN_DOCUMENTATION_COMMENTS = YES;
				CLANG_WARN_EMPTY_BODY = YES;
				CLANG_WARN_ENUM_CONVERSION = YES;
				CLANG_WARN_INFINITE_RECURSION = YES;
				CLANG_WARN_INT_CONVERSION = YES;
				CLANG_WARN_NON_LITERAL_NULL_CONVERSION = YES;
				CLANG_WARN_OBJC_LITERAL_CONVERSION = YES;
				CLANG_WARN_OBJC_ROOT_CLASS = YES_ERROR;
				CLANG_WARN_RANGE_LOOP_ANALYSIS = YES;
				CLANG_WARN_STRICT_PROTOTYPES = YES;
				CLANG_WARN_SUSPICIOUS_MOVE = YES;
				CLANG_WARN_UNGUARDED_AVAILABILITY = YES_AGGRESSIVE;
				CLANG_WARN_UNREACHABLE_CODE = YES;
				CLANG_WARN__DUPLICATE_METHOD_MATCH = YES;
				CODE_SIGN_IDENTITY = "iPhone Developer";
				COPY_PHASE_STRIP = NO;
				DEBUG_INFORMATION_FORMAT = dwarf;
				ENABLE_STRICT_OBJC_MSGSEND = YES;
				ENABLE_TESTABILITY = YES;
				GCC_C_LANGUAGE_STANDARD = gnu11;
				GCC_DYNAMIC_NO_PIC = NO;
				GCC_NO_COMMON_BLOCKS = YES;
				GCC_OPTIMIZATION_LEVEL = 0;
				GCC_PREPROCESSOR_DEFINITIONS = (
					"DEBUG=1",
					"$(inherited)",
				);
				GCC_WARN_64_TO_32_BIT_CONVERSION = YES;
				GCC_WARN_ABOUT_RETURN_TYPE = YES_ERROR;
				GCC_WARN_UNDECLARED_SELECTOR = YES;
				GCC_WARN_UNINITIALIZED_AUTOS = YES_AGGRESSIVE;
				GCC_WARN_UNUSED_FUNCTION = YES;
				GCC_WARN_UNUSED_VARIABLE = YES;
				IPHONEOS_DEPLOYMENT_TARGET = 11.2;
				MTL_ENABLE_DEBUG_INFO = YES;
				ONLY_ACTIVE_ARCH = YES;
				SDKROOT = iphoneos;
				SWIFT_ACTIVE_COMPILATION_CONDITIONS = DEBUG;
				SWIFT_OPTIMIZATION_LEVEL = "-Onone";
			};
			name = Debug;
		};
		332D142720484D9F00091F17 /* Release */ = {
			isa = XCBuildConfiguration;
			buildSettings = {
				ALWAYS_SEARCH_USER_PATHS = NO;
				CLANG_ANALYZER_NONNULL = YES;
				CLANG_ANALYZER_NUMBER_OBJECT_CONVERSION = YES_AGGRESSIVE;
				CLANG_CXX_LANGUAGE_STANDARD = "gnu++14";
				CLANG_CXX_LIBRARY = "libc++";
				CLANG_ENABLE_MODULES = YES;
				CLANG_ENABLE_OBJC_ARC = YES;
				CLANG_WARN_BLOCK_CAPTURE_AUTORELEASING = YES;
				CLANG_WARN_BOOL_CONVERSION = YES;
				CLANG_WARN_COMMA = YES;
				CLANG_WARN_CONSTANT_CONVERSION = YES;
				CLANG_WARN_DIRECT_OBJC_ISA_USAGE = YES_ERROR;
				CLANG_WARN_DOCUMENTATION_COMMENTS = YES;
				CLANG_WARN_EMPTY_BODY = YES;
				CLANG_WARN_ENUM_CONVERSION = YES;
				CLANG_WARN_INFINITE_RECURSION = YES;
				CLANG_WARN_INT_CONVERSION = YES;
				CLANG_WARN_NON_LITERAL_NULL_CONVERSION = YES;
				CLANG_WARN_OBJC_LITERAL_CONVERSION = YES;
				CLANG_WARN_OBJC_ROOT_CLASS = YES_ERROR;
				CLANG_WARN_RANGE_LOOP_ANALYSIS = YES;
				CLANG_WARN_STRICT_PROTOTYPES = YES;
				CLANG_WARN_SUSPICIOUS_MOVE = YES;
				CLANG_WARN_UNGUARDED_AVAILABILITY = YES_AGGRESSIVE;
				CLANG_WARN_UNREACHABLE_CODE = YES;
				CLANG_WARN__DUPLICATE_METHOD_MATCH = YES;
				CODE_SIGN_IDENTITY = "iPhone Developer";
				COPY_PHASE_STRIP = NO;
				DEBUG_INFORMATION_FORMAT = "dwarf-with-dsym";
				ENABLE_NS_ASSERTIONS = NO;
				ENABLE_STRICT_OBJC_MSGSEND = YES;
				GCC_C_LANGUAGE_STANDARD = gnu11;
				GCC_NO_COMMON_BLOCKS = YES;
				GCC_WARN_64_TO_32_BIT_CONVERSION = YES;
				GCC_WARN_ABOUT_RETURN_TYPE = YES_ERROR;
				GCC_WARN_UNDECLARED_SELECTOR = YES;
				GCC_WARN_UNINITIALIZED_AUTOS = YES_AGGRESSIVE;
				GCC_WARN_UNUSED_FUNCTION = YES;
				GCC_WARN_UNUSED_VARIABLE = YES;
				IPHONEOS_DEPLOYMENT_TARGET = 11.2;
				MTL_ENABLE_DEBUG_INFO = NO;
				SDKROOT = iphoneos;
				SWIFT_OPTIMIZATION_LEVEL = "-Owholemodule";
				VALIDATE_PRODUCT = YES;
			};
			name = Release;
		};
		332D142920484D9F00091F17 /* Debug */ = {
			isa = XCBuildConfiguration;
			buildSettings = {
				ASSETCATALOG_COMPILER_APPICON_NAME = AppIcon;
				CODE_SIGN_STYLE = Automatic;
				DEVELOPMENT_TEAM = DUP55BSV8T;
				INFOPLIST_FILE = ComposableCollectionViews/Info.plist;
				LD_RUNPATH_SEARCH_PATHS = "$(inherited) @executable_path/Frameworks";
				PRODUCT_BUNDLE_IDENTIFIER = com.fermentedcode.opensource.ComposableCollectionViews;
				PRODUCT_NAME = "$(TARGET_NAME)";
				SWIFT_VERSION = 4.0;
				TARGETED_DEVICE_FAMILY = "1,2";
			};
			name = Debug;
		};
		332D142A20484D9F00091F17 /* Release */ = {
			isa = XCBuildConfiguration;
			buildSettings = {
				ASSETCATALOG_COMPILER_APPICON_NAME = AppIcon;
				CODE_SIGN_STYLE = Automatic;
				DEVELOPMENT_TEAM = DUP55BSV8T;
				INFOPLIST_FILE = ComposableCollectionViews/Info.plist;
				LD_RUNPATH_SEARCH_PATHS = "$(inherited) @executable_path/Frameworks";
				PRODUCT_BUNDLE_IDENTIFIER = com.fermentedcode.opensource.ComposableCollectionViews;
				PRODUCT_NAME = "$(TARGET_NAME)";
				SWIFT_VERSION = 4.0;
				TARGETED_DEVICE_FAMILY = "1,2";
			};
			name = Release;
		};
/* End XCBuildConfiguration section */

/* Begin XCConfigurationList section */
		332D141120484D9F00091F17 /* Build configuration list for PBXProject "ComposableCollectionViews" */ = {
			isa = XCConfigurationList;
			buildConfigurations = (
				332D142620484D9F00091F17 /* Debug */,
				332D142720484D9F00091F17 /* Release */,
			);
			defaultConfigurationIsVisible = 0;
			defaultConfigurationName = Release;
		};
		332D142820484D9F00091F17 /* Build configuration list for PBXNativeTarget "ComposableCollectionViews" */ = {
			isa = XCConfigurationList;
			buildConfigurations = (
				332D142920484D9F00091F17 /* Debug */,
				332D142A20484D9F00091F17 /* Release */,
			);
			defaultConfigurationIsVisible = 0;
			defaultConfigurationName = Release;
		};
/* End XCConfigurationList section */
	};
	rootObject = 332D140E20484D9F00091F17 /* Project object */;
}
